# THIS IS AN AUTOGENERATED FILE. DO NOT EDIT THIS FILE DIRECTLY.
# yarn lockfile v1


anchorjs@^0.2.4:
  version "0.2.4"
  resolved "https://registry.yarnpkg.com/anchorjs/-/anchorjs-0.2.4.tgz#0ab0e4c70139c3ca596e2493982f0665ab067505"
  integrity sha1-CrDkxwE5w8pZbiSTmC8GZasGdQU=

bulma-dashboard@^0.1.34:
  version "0.1.35"
  resolved "https://registry.yarnpkg.com/bulma-dashboard/-/bulma-dashboard-0.1.35.tgz#36d0ada81ad0a7bc01d85907f41c053b3a2914f7"
  integrity sha512-X+suGy0faRKtp7nK78/1A6Vq6obnGOMaWT+QMHuS+MRiqVTt5iarsNdOyUYI720JeZeBxeJ3P6/PghJ9gAFd+w==

bulma@^0.7.2:
  version "0.7.4"
  resolved "https://registry.yarnpkg.com/bulma/-/bulma-0.7.4.tgz#7e74512e9118d9799021339e67e365ee0ac4f3f9"
  integrity sha512-krG2rP6eAX1WE0sf6O0SC/FUVSOBX4m1PBC2+GKLpb2pX0qanaDqcv9U2nu75egFrsHkI0zdWYuk/oGwoszVWg==
